
Microsoft Visual Studio Solution File, Format Version 12.00
# Visual Studio 2013
VisualStudioVersion = 12.0.21005.1
MinimumVisualStudioVersion = 10.0.40219.1
Project("{FAE04EC0-301F-11D3-BF4B-00C04F79EFBC}") = "GalacticCommander", "GalacticCommander\GalacticCommander\GalacticCommander.csproj", "{7A2F2BE4-499F-4E7F-B42E-973FCB083F14}"
EndProject
Project("{96E2B04D-8817-42C6-938A-82C39BA4D311}") = "GalacticCommanderContent", "GalacticCommander\GalacticCommanderContent\GalacticCommanderContent.contentproj", "{806D23F2-4263-46F6-B2FD-ACCE8EB56E47}"
EndProject
Global
	GlobalSection(SolutionConfigurationPlatforms) = preSolution
		Debug|x86 = Debug|x86
		Release|x86 = Release|x86
	EndGlobalSection
	GlobalSection(ProjectConfigurationPlatforms) = postSolution
		{7A2F2BE4-499F-4E7F-B42E-973FCB083F14}.Debug|x86.ActiveCfg = Debug|x86
		{7A2F2BE4-499F-4E7F-B42E-973FCB083F14}.Debug|x86.Build.0 = Debug|x86
		{7A2F2BE4-499F-4E7F-B42E-973FCB083F14}.Release|x86.ActiveCfg = Release|x86
		{7A2F2BE4-499F-4E7F-B42E-973FCB083F14}.Release|x86.Build.0 = Release|x86
		{806D23F2-4263-46F6-B2FD-ACCE8EB56E47}.Debug|x86.ActiveCfg = Debug|x86
		{806D23F2-4263-46F6-B2FD-ACCE8EB56E47}.Release|x86.ActiveCfg = Release|x86
	EndGlobalSection
	GlobalSection(SolutionProperties) = preSolution
		HideSolutionNode = FALSE
	EndGlobalSection
EndGlobal
