
Microsoft Visual Studio Solution File, Format Version 12.00
# Visual Studio 2013
VisualStudioVersion = 12.0.21005.1
MinimumVisualStudioVersion = 10.0.40219.1
Project("{FAE04EC0-301F-11D3-BF4B-00C04F79EFBC}") = "Wizards", "Wizards\Wizards\Wizards.csproj", "{8E7270DF-6B3C-416C-A1F9-333CC83C4C3C}"
EndProject
Project("{FAE04EC0-301F-11D3-BF4B-00C04F79EFBC}") = "WizardsContent", "Wizards\WizardsContent\WizardsContent.contentproj", "{67AF47A4-9358-4AB3-A2F5-8CA8244858B8}"
EndProject
Project("{FAE04EC0-301F-11D3-BF4B-00C04F79EFBC}") = "WizardsServer", "WizardsServer\WizardsServer.csproj", "{A2E82CED-8F94-4785-A465-11F5C4862771}"
EndProject
Global
	GlobalSection(SolutionConfigurationPlatforms) = preSolution
		Debug|Any CPU = Debug|Any CPU
		Debug|Mixed Platforms = Debug|Mixed Platforms
		Debug|x86 = Debug|x86
		Release|Any CPU = Release|Any CPU
		Release|Mixed Platforms = Release|Mixed Platforms
		Release|x86 = Release|x86
	EndGlobalSection
	GlobalSection(ProjectConfigurationPlatforms) = postSolution
		{8E7270DF-6B3C-416C-A1F9-333CC83C4C3C}.Debug|Any CPU.ActiveCfg = Debug|x86
		{8E7270DF-6B3C-416C-A1F9-333CC83C4C3C}.Debug|Mixed Platforms.ActiveCfg = Debug|x86
		{8E7270DF-6B3C-416C-A1F9-333CC83C4C3C}.Debug|Mixed Platforms.Build.0 = Debug|x86
		{8E7270DF-6B3C-416C-A1F9-333CC83C4C3C}.Debug|x86.ActiveCfg = Debug|x86
		{8E7270DF-6B3C-416C-A1F9-333CC83C4C3C}.Debug|x86.Build.0 = Debug|x86
		{8E7270DF-6B3C-416C-A1F9-333CC83C4C3C}.Release|Any CPU.ActiveCfg = Release|x86
		{8E7270DF-6B3C-416C-A1F9-333CC83C4C3C}.Release|Mixed Platforms.ActiveCfg = Release|x86
		{8E7270DF-6B3C-416C-A1F9-333CC83C4C3C}.Release|Mixed Platforms.Build.0 = Release|x86
		{8E7270DF-6B3C-416C-A1F9-333CC83C4C3C}.Release|x86.ActiveCfg = Release|x86
		{8E7270DF-6B3C-416C-A1F9-333CC83C4C3C}.Release|x86.Build.0 = Release|x86
		{67AF47A4-9358-4AB3-A2F5-8CA8244858B8}.Debug|Any CPU.ActiveCfg = Debug|x86
		{67AF47A4-9358-4AB3-A2F5-8CA8244858B8}.Debug|Mixed Platforms.ActiveCfg = Debug|x86
		{67AF47A4-9358-4AB3-A2F5-8CA8244858B8}.Debug|x86.ActiveCfg = Debug|x86
		{67AF47A4-9358-4AB3-A2F5-8CA8244858B8}.Release|Any CPU.ActiveCfg = Release|x86
		{67AF47A4-9358-4AB3-A2F5-8CA8244858B8}.Release|Mixed Platforms.ActiveCfg = Release|x86
		{67AF47A4-9358-4AB3-A2F5-8CA8244858B8}.Release|x86.ActiveCfg = Release|x86
		{A2E82CED-8F94-4785-A465-11F5C4862771}.Debug|Any CPU.ActiveCfg = Debug|Any CPU
		{A2E82CED-8F94-4785-A465-11F5C4862771}.Debug|Any CPU.Build.0 = Debug|Any CPU
		{A2E82CED-8F94-4785-A465-11F5C4862771}.Debug|Mixed Platforms.ActiveCfg = Debug|Any CPU
		{A2E82CED-8F94-4785-A465-11F5C4862771}.Debug|Mixed Platforms.Build.0 = Debug|Any CPU
		{A2E82CED-8F94-4785-A465-11F5C4862771}.Debug|x86.ActiveCfg = Debug|Any CPU
		{A2E82CED-8F94-4785-A465-11F5C4862771}.Release|Any CPU.ActiveCfg = Release|Any CPU
		{A2E82CED-8F94-4785-A465-11F5C4862771}.Release|Any CPU.Build.0 = Release|Any CPU
		{A2E82CED-8F94-4785-A465-11F5C4862771}.Release|Mixed Platforms.ActiveCfg = Release|Any CPU
		{A2E82CED-8F94-4785-A465-11F5C4862771}.Release|Mixed Platforms.Build.0 = Release|Any CPU
		{A2E82CED-8F94-4785-A465-11F5C4862771}.Release|x86.ActiveCfg = Release|Any CPU
	EndGlobalSection
	GlobalSection(SolutionProperties) = preSolution
		HideSolutionNode = FALSE
	EndGlobalSection
EndGlobal
